
Microsoft Visual Studio Solution File, Format Version 12.00
# Visual Studio Version 17
VisualStudioVersion = 17.10.35122.118
MinimumVisualStudioVersion = 10.0.40219.1
Project("{FAE04EC0-301F-11D3-BF4B-00C04F79EFBC}") = "Phonebook", "Phonebook\Phonebook.csproj", "{274C9F0E-C5B3-48BE-88F2-F934D5FCF5CD}"
EndProject
Project("{FAE04EC0-301F-11D3-BF4B-00C04F79EFBC}") = "Phonebook.Datalayer", "Phonebook.Datalayer\Phonebook.Datalayer.csproj", "{00ABC418-2340-4D5C-B83E-19EDC8B09B9F}"
EndProject
Global
	GlobalSection(SolutionConfigurationPlatforms) = preSolution
		Debug|Any CPU = Debug|Any CPU
		Release|Any CPU = Release|Any CPU
	EndGlobalSection
	GlobalSection(ProjectConfigurationPlatforms) = postSolution
		{274C9F0E-C5B3-48BE-88F2-F934D5FCF5CD}.Debug|Any CPU.ActiveCfg = Debug|Any CPU
		{274C9F0E-C5B3-48BE-88F2-F934D5FCF5CD}.Debug|Any CPU.Build.0 = Debug|Any CPU
		{274C9F0E-C5B3-48BE-88F2-F934D5FCF5CD}.Release|Any CPU.ActiveCfg = Release|Any CPU
		{274C9F0E-C5B3-48BE-88F2-F934D5FCF5CD}.Release|Any CPU.Build.0 = Release|Any CPU
		{00ABC418-2340-4D5C-B83E-19EDC8B09B9F}.Debug|Any CPU.ActiveCfg = Debug|Any CPU
		{00ABC418-2340-4D5C-B83E-19EDC8B09B9F}.Debug|Any CPU.Build.0 = Debug|Any CPU
		{00ABC418-2340-4D5C-B83E-19EDC8B09B9F}.Release|Any CPU.ActiveCfg = Release|Any CPU
		{00ABC418-2340-4D5C-B83E-19EDC8B09B9F}.Release|Any CPU.Build.0 = Release|Any CPU
	EndGlobalSection
	GlobalSection(SolutionProperties) = preSolution
		HideSolutionNode = FALSE
	EndGlobalSection
	GlobalSection(ExtensibilityGlobals) = postSolution
		SolutionGuid = {D14EFAF3-E205-473D-9E17-A51C21D3F5DC}
	EndGlobalSection
EndGlobal
